
Microsoft Visual Studio Solution File, Format Version 12.00
# Visual Studio Version 17
VisualStudioVersion = 17.8.34330.188
MinimumVisualStudioVersion = 10.0.40219.1
Project("{FAE04EC0-301F-11D3-BF4B-00C04F79EFBC}") = "PokemonReviewApp", "PokemonReviewApp\PokemonReviewApp.csproj", "{74E04B76-A6DD-42D3-9F4F-0783F06BBB52}"
EndProject
Global
	GlobalSection(SolutionConfigurationPlatforms) = preSolution
		Debug|Any CPU = Debug|Any CPU
		Release|Any CPU = Release|Any CPU
	EndGlobalSection
	GlobalSection(ProjectConfigurationPlatforms) = postSolution
		{74E04B76-A6DD-42D3-9F4F-0783F06BBB52}.Debug|Any CPU.ActiveCfg = Debug|Any CPU
		{74E04B76-A6DD-42D3-9F4F-0783F06BBB52}.Debug|Any CPU.Build.0 = Debug|Any CPU
		{74E04B76-A6DD-42D3-9F4F-0783F06BBB52}.Release|Any CPU.ActiveCfg = Release|Any CPU
		{74E04B76-A6DD-42D3-9F4F-0783F06BBB52}.Release|Any CPU.Build.0 = Release|Any CPU
	EndGlobalSection
	GlobalSection(SolutionProperties) = preSolution
		HideSolutionNode = FALSE
	EndGlobalSection
	GlobalSection(ExtensibilityGlobals) = postSolution
		SolutionGuid = {CBFCEA49-5221-4DD5-A36E-33AC95F98882}
	EndGlobalSection
EndGlobal
